
Microsoft Visual Studio Solution File, Format Version 12.00
# Visual Studio Version 17
VisualStudioVersion = 17.11.35208.52
MinimumVisualStudioVersion = 10.0.40219.1
Project("{9A19103F-16F7-4668-BE54-9A1E7A4F7556}") = "ServerManagement", "ServerManagement\ServerManagement.csproj", "{33480AC9-5E73-4171-BAC4-4DA3AEA58612}"
EndProject
Project("{9A19103F-16F7-4668-BE54-9A1E7A4F7556}") = "ToDoApp", "ToDoApp\ToDoApp.csproj", "{2603A7B1-86FE-4105-A93D-BA549F0F10DD}"
EndProject
Global
	GlobalSection(SolutionConfigurationPlatforms) = preSolution
		Debug|Any CPU = Debug|Any CPU
		Release|Any CPU = Release|Any CPU
	EndGlobalSection
	GlobalSection(ProjectConfigurationPlatforms) = postSolution
		{33480AC9-5E73-4171-BAC4-4DA3AEA58612}.Debug|Any CPU.ActiveCfg = Debug|Any CPU
		{33480AC9-5E73-4171-BAC4-4DA3AEA58612}.Debug|Any CPU.Build.0 = Debug|Any CPU
		{33480AC9-5E73-4171-BAC4-4DA3AEA58612}.Release|Any CPU.ActiveCfg = Release|Any CPU
		{33480AC9-5E73-4171-BAC4-4DA3AEA58612}.Release|Any CPU.Build.0 = Release|Any CPU
		{2603A7B1-86FE-4105-A93D-BA549F0F10DD}.Debug|Any CPU.ActiveCfg = Debug|Any CPU
		{2603A7B1-86FE-4105-A93D-BA549F0F10DD}.Debug|Any CPU.Build.0 = Debug|Any CPU
		{2603A7B1-86FE-4105-A93D-BA549F0F10DD}.Release|Any CPU.ActiveCfg = Release|Any CPU
		{2603A7B1-86FE-4105-A93D-BA549F0F10DD}.Release|Any CPU.Build.0 = Release|Any CPU
	EndGlobalSection
	GlobalSection(SolutionProperties) = preSolution
		HideSolutionNode = FALSE
	EndGlobalSection
	GlobalSection(ExtensibilityGlobals) = postSolution
		SolutionGuid = {1D4FBEF6-E10F-48DB-825E-EB8BDA13F627}
	EndGlobalSection
EndGlobal
